
Microsoft Visual Studio Solution File, Format Version 12.00
# Visual Studio Version 17
VisualStudioVersion = 17.4.33122.133
MinimumVisualStudioVersion = 10.0.40219.1
Project("{FAE04EC0-301F-11D3-BF4B-00C04F79EFBC}") = "BallSort", "BallSort.csproj", "{D437DB06-C9EC-4227-B631-3E48D6A08037}"
EndProject
Global
	GlobalSection(SolutionConfigurationPlatforms) = preSolution
		Debug|Any CPU = Debug|Any CPU
		Release|Any CPU = Release|Any CPU
	EndGlobalSection
	GlobalSection(ProjectConfigurationPlatforms) = postSolution
		{D437DB06-C9EC-4227-B631-3E48D6A08037}.Debug|Any CPU.ActiveCfg = Debug|Any CPU
		{D437DB06-C9EC-4227-B631-3E48D6A08037}.Debug|Any CPU.Build.0 = Debug|Any CPU
		{D437DB06-C9EC-4227-B631-3E48D6A08037}.Release|Any CPU.ActiveCfg = Release|Any CPU
		{D437DB06-C9EC-4227-B631-3E48D6A08037}.Release|Any CPU.Build.0 = Release|Any CPU
	EndGlobalSection
	GlobalSection(SolutionProperties) = preSolution
		HideSolutionNode = FALSE
	EndGlobalSection
	GlobalSection(ExtensibilityGlobals) = postSolution
		SolutionGuid = {7F434DA0-F5C9-49D6-85B7-575C252C5BB7}
	EndGlobalSection
EndGlobal
